
Microsoft Visual Studio Solution File, Format Version 12.00
# Visual Studio Version 17
VisualStudioVersion = 17.4.33205.214
MinimumVisualStudioVersion = 10.0.40219.1
Project("{FAE04EC0-301F-11D3-BF4B-00C04F79EFBC}") = "MagicVilla_API", "MagicVilla_API\MagicVilla_API.csproj", "{14E8547D-ED09-4C72-91B9-46A500865E5B}"
EndProject
Global
	GlobalSection(SolutionConfigurationPlatforms) = preSolution
		Debug|Any CPU = Debug|Any CPU
		Release|Any CPU = Release|Any CPU
	EndGlobalSection
	GlobalSection(ProjectConfigurationPlatforms) = postSolution
		{14E8547D-ED09-4C72-91B9-46A500865E5B}.Debug|Any CPU.ActiveCfg = Debug|Any CPU
		{14E8547D-ED09-4C72-91B9-46A500865E5B}.Debug|Any CPU.Build.0 = Debug|Any CPU
		{14E8547D-ED09-4C72-91B9-46A500865E5B}.Release|Any CPU.ActiveCfg = Release|Any CPU
		{14E8547D-ED09-4C72-91B9-46A500865E5B}.Release|Any CPU.Build.0 = Release|Any CPU
	EndGlobalSection
	GlobalSection(SolutionProperties) = preSolution
		HideSolutionNode = FALSE
	EndGlobalSection
	GlobalSection(ExtensibilityGlobals) = postSolution
		SolutionGuid = {2172838A-F670-4513-A30C-197436AA92C3}
	EndGlobalSection
EndGlobal
